
Microsoft Visual Studio Solution File, Format Version 12.00
# Visual Studio Version 17
VisualStudioVersion = 17.14.36518.9 d17.14
MinimumVisualStudioVersion = 10.0.40219.1
Project("{FAE04EC0-301F-11D3-BF4B-00C04F79EFBC}") = "DuplicateDetector", "DuplicateDetector.csproj", "{C60D7A87-F043-4D27-8F3A-D14A31733D99}"
EndProject
Global
	GlobalSection(SolutionConfigurationPlatforms) = preSolution
		Debug|Any CPU = Debug|Any CPU
		Release|Any CPU = Release|Any CPU
	EndGlobalSection
	GlobalSection(ProjectConfigurationPlatforms) = postSolution
		{C60D7A87-F043-4D27-8F3A-D14A31733D99}.Debug|Any CPU.ActiveCfg = Debug|Any CPU
		{C60D7A87-F043-4D27-8F3A-D14A31733D99}.Debug|Any CPU.Build.0 = Debug|Any CPU
		{C60D7A87-F043-4D27-8F3A-D14A31733D99}.Release|Any CPU.ActiveCfg = Release|Any CPU
		{C60D7A87-F043-4D27-8F3A-D14A31733D99}.Release|Any CPU.Build.0 = Release|Any CPU
	EndGlobalSection
	GlobalSection(SolutionProperties) = preSolution
		HideSolutionNode = FALSE
	EndGlobalSection
	GlobalSection(ExtensibilityGlobals) = postSolution
		SolutionGuid = {65822B9D-AB11-413A-944F-2919A484F004}
	EndGlobalSection
EndGlobal
